PODS:
  - BinartOCLayout (1.0.0)
  - BinartSwiftInputBar (5.0.0):
    - BinartOCLayout
    - BinartSwiftInputBar/Core (= 5.0.0)
    - IQKeyboardManagerSwift
  - BinartSwiftInputBar/Core (5.0.0):
    - BinartOCLayout
    - IQKeyboardManagerSwift
  - IQKeyboardManagerSwift (6.5.6)

DEPENDENCIES:
  - BinartOCLayout (from `../`)
  - BinartSwiftInputBar (from `../`)

SPEC REPOS:
  trunk:
    - IQKeyboardManagerSwift

EXTERNAL SOURCES:
  BinartOCLayout:
    :path: "../"
  BinartSwiftInputBar:
    :path: "../"

SPEC CHECKSUMS:
  BinartOCLayout: 77f8b27fcfc91d6c5834ad112c7b2aafa786c81e
  BinartSwiftInputBar: 8037402a0024319550134c2a52d7e319d25cefef
  IQKeyboardManagerSwift: c7df9d2deb356c04522f5c4b7b6e4ce4d8ed94fe

PODFILE CHECKSUM: 6fa1bee75cd09f3e419f1367e9f961e3307c40e9

COCOAPODS: 1.9.3
