PODS:
  - BinartOCLayout (1.0.0)
  - BinartOCPlotView (0.1.0)
  - BinartOCStickerKeyboard (0.2.1)
  - BinartSwiftInputBar (5.0.0):
    - BinartOCLayout
    - BinartOCPlotView
    - BinartOCStickerKeyboard
    - BinartSwiftInputBar/Core (= 5.0.0)
  - BinartSwiftInputBar/Core (5.0.0):
    - BinartOCLayout
    - BinartOCPlotView
    - BinartOCStickerKeyboard

DEPENDENCIES:
  - BinartOCLayout (from `../`)
  - BinartOCPlotView (from `https://github.com/fallending/BinartOCPlotView-iOS.git`, tag `0.1.2`)
  - BinartOCStickerKeyboard (from `../`)
  - BinartSwiftInputBar (from `../`)

EXTERNAL SOURCES:
  BinartOCLayout:
    :path: "../"
  BinartOCPlotView:
    :git: https://github.com/fallending/BinartOCPlotView-iOS.git
    :tag: 0.1.2
  BinartOCStickerKeyboard:
    :path: "../"
  BinartSwiftInputBar:
    :path: "../"

CHECKOUT OPTIONS:
  BinartOCPlotView:
    :git: https://github.com/fallending/BinartOCPlotView-iOS.git
    :tag: 0.1.2

SPEC CHECKSUMS:
  BinartOCLayout: 77f8b27fcfc91d6c5834ad112c7b2aafa786c81e
  BinartOCPlotView: 2f24fb974215659cf2b51840302229d411e92914
  BinartOCStickerKeyboard: d4747209d24495546ff2a05c99957b42c7a726d8
  BinartSwiftInputBar: dbf6ec8592a89768aac6162d117f39e4067ad559

PODFILE CHECKSUM: 2f5e9222866712639da32d4e7d3aa27a46406b33

COCOAPODS: 1.9.3
