PODS:
  - BinartSwiftInputBar (5.0.0):
    - BinartSwiftInputBar/Core (= 5.0.0)
    - WHC_AutoLayoutKit
  - BinartSwiftInputBar/Core (5.0.0):
    - WHC_AutoLayoutKit
  - WHC_AutoLayoutKit (2.8.6):
    - WHC_AutoLayoutKit/AutoCellHeight (= 2.8.6)
    - WHC_AutoLayoutKit/Frame (= 2.8.6)
    - WHC_AutoLayoutKit/LayoutGuide (= 2.8.6)
    - WHC_AutoLayoutKit/LayoutView (= 2.8.6)
    - WHC_AutoLayoutKit/StackView (= 2.8.6)
    - WHC_AutoLayoutKit/Util (= 2.8.6)
  - WHC_AutoLayoutKit/AutoCellHeight (2.8.6):
    - WHC_AutoLayoutKit/LayoutView
    - WHC_AutoLayoutKit/Util
  - WHC_AutoLayoutKit/Frame (2.8.6):
    - WHC_AutoLayoutKit/Util
  - WHC_AutoLayoutKit/LayoutGuide (2.8.6):
    - WHC_AutoLayoutKit/Util
  - WHC_AutoLayoutKit/LayoutView (2.8.6):
    - WHC_AutoLayoutKit/Util
  - WHC_AutoLayoutKit/StackView (2.8.6):
    - WHC_AutoLayoutKit/Frame
    - WHC_AutoLayoutKit/LayoutView
  - WHC_AutoLayoutKit/Util (2.8.6)

DEPENDENCIES:
  - BinartSwiftInputBar (from `../`)

SPEC REPOS:
  trunk:
    - WHC_AutoLayoutKit

EXTERNAL SOURCES:
  BinartSwiftInputBar:
    :path: "../"

SPEC CHECKSUMS:
  BinartSwiftInputBar: 81c167b37cce73f08755236cc926ec4c99c374d6
  WHC_AutoLayoutKit: 8f1321571cbcc27922ecd9d51a44f4ffe8d98ff8

PODFILE CHECKSUM: 2e8a0db78555074d14ac22c2449c3409ad747073

COCOAPODS: 1.9.3
